
Microsoft Visual Studio Solution File, Format Version 11.00
# Visual C# Express 2010
Project("{FAE04EC0-301F-11D3-BF4B-00C04F79EFBC}") = "PAD_Final_Project", "PAD_Final_Project\PAD_Final_Project.csproj", "{A91FDEE8-4920-4FC3-AC0D-554BE2C7256D}"
EndProject
Global
	GlobalSection(SolutionConfigurationPlatforms) = preSolution
		Debug|x86 = Debug|x86
		Release|x86 = Release|x86
	EndGlobalSection
	GlobalSection(ProjectConfigurationPlatforms) = postSolution
		{A91FDEE8-4920-4FC3-AC0D-554BE2C7256D}.Debug|x86.ActiveCfg = Debug|x86
		{A91FDEE8-4920-4FC3-AC0D-554BE2C7256D}.Debug|x86.Build.0 = Debug|x86
		{A91FDEE8-4920-4FC3-AC0D-554BE2C7256D}.Release|x86.ActiveCfg = Release|x86
		{A91FDEE8-4920-4FC3-AC0D-554BE2C7256D}.Release|x86.Build.0 = Release|x86
	EndGlobalSection
	GlobalSection(SolutionProperties) = preSolution
		HideSolutionNode = FALSE
	EndGlobalSection
EndGlobal
